
Microsoft Visual Studio Solution File, Format Version 12.00
# Visual Studio Version 17
VisualStudioVersion = 17.11.35327.3
MinimumVisualStudioVersion = 10.0.40219.1
Project("{FAE04EC0-301F-11D3-BF4B-00C04F79EFBC}") = "arconoid", "arconoid\arconoid.csproj", "{A865498C-30BE-4396-A3C3-67BC022D9C4A}"
EndProject
Global
	GlobalSection(SolutionConfigurationPlatforms) = preSolution
		Debug|Any CPU = Debug|Any CPU
		Release|Any CPU = Release|Any CPU
	EndGlobalSection
	GlobalSection(ProjectConfigurationPlatforms) = postSolution
		{A865498C-30BE-4396-A3C3-67BC022D9C4A}.Debug|Any CPU.ActiveCfg = Debug|Any CPU
		{A865498C-30BE-4396-A3C3-67BC022D9C4A}.Debug|Any CPU.Build.0 = Debug|Any CPU
		{A865498C-30BE-4396-A3C3-67BC022D9C4A}.Release|Any CPU.ActiveCfg = Release|Any CPU
		{A865498C-30BE-4396-A3C3-67BC022D9C4A}.Release|Any CPU.Build.0 = Release|Any CPU
	EndGlobalSection
	GlobalSection(SolutionProperties) = preSolution
		HideSolutionNode = FALSE
	EndGlobalSection
	GlobalSection(ExtensibilityGlobals) = postSolution
		SolutionGuid = {63DEAAA7-7FD0-4F57-A3FD-424F2B949901}
	EndGlobalSection
EndGlobal
